
Microsoft Visual Studio Solution File, Format Version 12.00
# Visual Studio Version 16
VisualStudioVersion = 16.0.29926.136
MinimumVisualStudioVersion = 10.0.40219.1
Project("{FAE04EC0-301F-11D3-BF4B-00C04F79EFBC}") = "Floppy", "Floppy\Floppy.csproj", "{AB647643-26AF-4556-9877-6759AFE69D7E}"
EndProject
Global
	GlobalSection(SolutionConfigurationPlatforms) = preSolution
		Debug|Any CPU = Debug|Any CPU
		Release|Any CPU = Release|Any CPU
	EndGlobalSection
	GlobalSection(ProjectConfigurationPlatforms) = postSolution
		{AB647643-26AF-4556-9877-6759AFE69D7E}.Debug|Any CPU.ActiveCfg = Debug|Any CPU
		{AB647643-26AF-4556-9877-6759AFE69D7E}.Debug|Any CPU.Build.0 = Debug|Any CPU
		{AB647643-26AF-4556-9877-6759AFE69D7E}.Release|Any CPU.ActiveCfg = Release|Any CPU
		{AB647643-26AF-4556-9877-6759AFE69D7E}.Release|Any CPU.Build.0 = Release|Any CPU
	EndGlobalSection
	GlobalSection(SolutionProperties) = preSolution
		HideSolutionNode = FALSE
	EndGlobalSection
	GlobalSection(ExtensibilityGlobals) = postSolution
		SolutionGuid = {C78F7079-4005-458D-BE49-F46EF289E91F}
	EndGlobalSection
EndGlobal
